// !$*UTF8*$!
{
	archiveVersion = 1;
	classes = {
	};
	objectVersion = 50;
	objects = {

/* Begin PBXBuildFile section */
		E37D64E421406A6B00B184AA /* GridTimerView+Delegate.swift in Sources */ = {isa = PBXBuildFile; fileRef = E37D64D521406A6900B184AA /* GridTimerView+Delegate.swift */; };
		E37D64E521406A6B00B184AA /* GridTimerView+DataSource.swift in Sources */ = {isa = PBXBuildFile; fileRef = E37D64D621406A6A00B184AA /* GridTimerView+DataSource.swift */; };
		E37D64E621406A6B00B184AA /* UIView+Tools.swift in Sources */ = {isa = PBXBuildFile; fileRef = E37D64D821406A6A00B184AA /* UIView+Tools.swift */; };
		E37D64E721406A6B00B184AA /* Int+Tools.swift in Sources */ = {isa = PBXBuildFile; fileRef = E37D64D921406A6A00B184AA /* Int+Tools.swift */; };
		E37D64E821406A6B00B184AA /* UIImage+Tools.swift in Sources */ = {isa = PBXBuildFile; fileRef = E37D64DA21406A6A00B184AA /* UIImage+Tools.swift */; };
		E37D64E921406A6B00B184AA /* UICollectionViewCell+Tools.swift in Sources */ = {isa = PBXBuildFile; fileRef = E37D64DB21406A6A00B184AA /* UICollectionViewCell+Tools.swift */; };
		E37D64EA21406A6B00B184AA /* Date+Tools.swift in Sources */ = {isa = PBXBuildFile; fileRef = E37D64DC21406A6A00B184AA /* Date+Tools.swift */; };
		E37D64EB21406A6B00B184AA /* RuleView.swift in Sources */ = {isa = PBXBuildFile; fileRef = E37D64DD21406A6A00B184AA /* RuleView.swift */; };
		E37D64EC21406A6B00B184AA /* RuleView.xib in Resources */ = {isa = PBXBuildFile; fileRef = E37D64DE21406A6A00B184AA /* RuleView.xib */; };
		E37D64ED21406A6B00B184AA /* Assets.xcassets in Resources */ = {isa = PBXBuildFile; fileRef = E37D64DF21406A6A00B184AA /* Assets.xcassets */; };
		E37D64EE21406A6B00B184AA /* GridCollectionViewCell.swift in Sources */ = {isa = PBXBuildFile; fileRef = E37D64E021406A6A00B184AA /* GridCollectionViewCell.swift */; };
		E37D64EF21406A6B00B184AA /* GridTimerView.swift in Sources */ = {isa = PBXBuildFile; fileRef = E37D64E121406A6B00B184AA /* GridTimerView.swift */; };
		E37D64F021406A6B00B184AA /* CustomCollectionViewLayout.swift in Sources */ = {isa = PBXBuildFile; fileRef = E37D64E221406A6B00B184AA /* CustomCollectionViewLayout.swift */; };
		E37D64F121406A6B00B184AA /* GridTimerView.xib in Resources */ = {isa = PBXBuildFile; fileRef = E37D64E321406A6B00B184AA /* GridTimerView.xib */; };
/* End PBXBuildFile section */

/* Begin PBXFileReference section */
		E37D64CA214069B700B184AA /* GridTimerView.framework */ = {isa = PBXFileReference; explicitFileType = wrapper.framework; includeInIndex = 0; path = GridTimerView.framework; sourceTree = BUILT_PRODUCTS_DIR; };
		E37D64CE214069B700B184AA /* Info.plist */ = {isa = PBXFileReference; lastKnownFileType = text.plist.xml; path = Info.plist; sourceTree = "<group>"; };
		E37D64D521406A6900B184AA /* GridTimerView+Delegate.swift */ = {isa = PBXFileReference; fileEncoding = 4; lastKnownFileType = sourcecode.swift; path = "GridTimerView+Delegate.swift"; sourceTree = "<group>"; };
		E37D64D621406A6A00B184AA /* GridTimerView+DataSource.swift */ = {isa = PBXFileReference; fileEncoding = 4; lastKnownFileType = sourcecode.swift; path = "GridTimerView+DataSource.swift"; sourceTree = "<group>"; };
		E37D64D821406A6A00B184AA /* UIView+Tools.swift */ = {isa = PBXFileReference; fileEncoding = 4; lastKnownFileType = sourcecode.swift; path = "UIView+Tools.swift"; sourceTree = "<group>"; };
		E37D64D921406A6A00B184AA /* Int+Tools.swift */ = {isa = PBXFileReference; fileEncoding = 4; lastKnownFileType = sourcecode.swift; path = "Int+Tools.swift"; sourceTree = "<group>"; };
		E37D64DA21406A6A00B184AA /* UIImage+Tools.swift */ = {isa = PBXFileReference; fileEncoding = 4; lastKnownFileType = sourcecode.swift; path = "UIImage+Tools.swift"; sourceTree = "<group>"; };
		E37D64DB21406A6A00B184AA /* UICollectionViewCell+Tools.swift */ = {isa = PBXFileReference; fileEncoding = 4; lastKnownFileType = sourcecode.swift; path = "UICollectionViewCell+Tools.swift"; sourceTree = "<group>"; };
		E37D64DC21406A6A00B184AA /* Date+Tools.swift */ = {isa = PBXFileReference; fileEncoding = 4; lastKnownFileType = sourcecode.swift; path = "Date+Tools.swift"; sourceTree = "<group>"; };
		E37D64DD21406A6A00B184AA /* RuleView.swift */ = {isa = PBXFileReference; fileEncoding = 4; lastKnownFileType = sourcecode.swift; path = RuleView.swift; sourceTree = "<group>"; };
		E37D64DE21406A6A00B184AA /* RuleView.xib */ = {isa = PBXFileReference; fileEncoding = 4; lastKnownFileType = file.xib; path = RuleView.xib; sourceTree = "<group>"; };
		E37D64DF21406A6A00B184AA /* Assets.xcassets */ = {isa = PBXFileReference; lastKnownFileType = folder.assetcatalog; path = Assets.xcassets; sourceTree = "<group>"; };
		E37D64E021406A6A00B184AA /* GridCollectionViewCell.swift */ = {isa = PBXFileReference; fileEncoding = 4; lastKnownFileType = sourcecode.swift; path = GridCollectionViewCell.swift; sourceTree = "<group>"; };
		E37D64E121406A6B00B184AA /* GridTimerView.swift */ = {isa = PBXFileReference; fileEncoding = 4; lastKnownFileType = sourcecode.swift; path = GridTimerView.swift; sourceTree = "<group>"; };
		E37D64E221406A6B00B184AA /* CustomCollectionViewLayout.swift */ = {isa = PBXFileReference; fileEncoding = 4; lastKnownFileType = sourcecode.swift; path = CustomCollectionViewLayout.swift; sourceTree = "<group>"; };
		E37D64E321406A6B00B184AA /* GridTimerView.xib */ = {isa = PBXFileReference; fileEncoding = 4; lastKnownFileType = file.xib; path = GridTimerView.xib; sourceTree = "<group>"; };
/* End PBXFileReference section */

/* Begin PBXFrameworksBuildPhase section */
		E37D64C6214069B700B184AA /* Frameworks */ = {
			isa = PBXFrameworksBuildPhase;
			buildActionMask = 2147483647;
			files = (
			);
			runOnlyForDeploymentPostprocessing = 0;
		};
/* End PBXFrameworksBuildPhase section */

/* Begin PBXGroup section */
		E37D64C0214069B700B184AA = {
			isa = PBXGroup;
			children = (
				E37D64CC214069B700B184AA /* GridTimerView */,
				E37D64CB214069B700B184AA /* Products */,
			);
			sourceTree = "<group>";
		};
		E37D64CB214069B700B184AA /* Products */ = {
			isa = PBXGroup;
			children = (
				E37D64CA214069B700B184AA /* GridTimerView.framework */,
			);
			name = Products;
			sourceTree = "<group>";
		};
		E37D64CC214069B700B184AA /* GridTimerView */ = {
			isa = PBXGroup;
			children = (
				E37D64DF21406A6A00B184AA /* Assets.xcassets */,
				E37D64E221406A6B00B184AA /* CustomCollectionViewLayout.swift */,
				E37D64D721406A6A00B184AA /* Extensions */,
				E37D64E021406A6A00B184AA /* GridCollectionViewCell.swift */,
				E37D64E121406A6B00B184AA /* GridTimerView.swift */,
				E37D64E321406A6B00B184AA /* GridTimerView.xib */,
				E37D64D621406A6A00B184AA /* GridTimerView+DataSource.swift */,
				E37D64D521406A6900B184AA /* GridTimerView+Delegate.swift */,
				E37D64DD21406A6A00B184AA /* RuleView.swift */,
				E37D64DE21406A6A00B184AA /* RuleView.xib */,
				E37D64CE214069B700B184AA /* Info.plist */,
			);
			path = GridTimerView;
			sourceTree = "<group>";
		};
		E37D64D721406A6A00B184AA /* Extensions */ = {
			isa = PBXGroup;
			children = (
				E37D64D821406A6A00B184AA /* UIView+Tools.swift */,
				E37D64D921406A6A00B184AA /* Int+Tools.swift */,
				E37D64DA21406A6A00B184AA /* UIImage+Tools.swift */,
				E37D64DB21406A6A00B184AA /* UICollectionViewCell+Tools.swift */,
				E37D64DC21406A6A00B184AA /* Date+Tools.swift */,
			);
			path = Extensions;
			sourceTree = "<group>";
		};
/* End PBXGroup section */

/* Begin PBXHeadersBuildPhase section */
		E37D64C7214069B700B184AA /* Headers */ = {
			isa = PBXHeadersBuildPhase;
			buildActionMask = 2147483647;
			files = (
			);
			runOnlyForDeploymentPostprocessing = 0;
		};
/* End PBXHeadersBuildPhase section */

/* Begin PBXNativeTarget section */
		E37D64C9214069B700B184AA /* GridTimerView */ = {
			isa = PBXNativeTarget;
			buildConfigurationList = E37D64D2214069B700B184AA /* Build configuration list for PBXNativeTarget "GridTimerView" */;
			buildPhases = (
				E37D64C5214069B700B184AA /* Sources */,
				E37D64C6214069B700B184AA /* Frameworks */,
				E37D64C7214069B700B184AA /* Headers */,
				E37D64C8214069B700B184AA /* Resources */,
			);
			buildRules = (
			);
			dependencies = (
			);
			name = GridTimerView;
			productName = GridTimerView;
			productReference = E37D64CA214069B700B184AA /* GridTimerView.framework */;
			productType = "com.apple.product-type.framework";
		};
/* End PBXNativeTarget section */

/* Begin PBXProject section */
		E37D64C1214069B700B184AA /* Project object */ = {
			isa = PBXProject;
			attributes = {
				LastSwiftUpdateCheck = 0940;
				LastUpgradeCheck = 0940;
				ORGANIZATIONNAME = "Alberto Aznar de los Ríos";
				TargetAttributes = {
					E37D64C9214069B700B184AA = {
						CreatedOnToolsVersion = 9.4.1;
						LastSwiftMigration = 0940;
					};
				};
			};
			buildConfigurationList = E37D64C4214069B700B184AA /* Build configuration list for PBXProject "GridTimerView" */;
			compatibilityVersion = "Xcode 9.3";
			developmentRegion = en;
			hasScannedForEncodings = 0;
			knownRegions = (
				en,
				Base,
			);
			mainGroup = E37D64C0214069B700B184AA;
			productRefGroup = E37D64CB214069B700B184AA /* Products */;
			projectDirPath = "";
			projectRoot = "";
			targets = (
				E37D64C9214069B700B184AA /* GridTimerView */,
			);
		};
/* End PBXProject section */

/* Begin PBXResourcesBuildPhase section */
		E37D64C8214069B700B184AA /* Resources */ = {
			isa = PBXResourcesBuildPhase;
			buildActionMask = 2147483647;
			files = (
				E37D64F121406A6B00B184AA /* GridTimerView.xib in Resources */,
				E37D64ED21406A6B00B184AA /* Assets.xcassets in Resources */,
				E37D64EC21406A6B00B184AA /* RuleView.xib in Resources */,
			);
			runOnlyForDeploymentPostprocessing = 0;
		};
/* End PBXResourcesBuildPhase section */

/* Begin PBXSourcesBuildPhase section */
		E37D64C5214069B700B184AA /* Sources */ = {
			isa = PBXSourcesBuildPhase;
			buildActionMask = 2147483647;
			files = (
				E37D64E421406A6B00B184AA /* GridTimerView+Delegate.swift in Sources */,
				E37D64E721406A6B00B184AA /* Int+Tools.swift in Sources */,
				E37D64E921406A6B00B184AA /* UICollectionViewCell+Tools.swift in Sources */,
				E37D64EE21406A6B00B184AA /* GridCollectionViewCell.swift in Sources */,
				E37D64E521406A6B00B184AA /* GridTimerView+DataSource.swift in Sources */,
				E37D64EB21406A6B00B184AA /* RuleView.swift in Sources */,
				E37D64EF21406A6B00B184AA /* GridTimerView.swift in Sources */,
				E37D64E621406A6B00B184AA /* UIView+Tools.swift in Sources */,
				E37D64E821406A6B00B184AA /* UIImage+Tools.swift in Sources */,
				E37D64F021406A6B00B184AA /* CustomCollectionViewLayout.swift in Sources */,
				E37D64EA21406A6B00B184AA /* Date+Tools.swift in Sources */,
			);
			runOnlyForDeploymentPostprocessing = 0;
		};
/* End PBXSourcesBuildPhase section */

/* Begin XCBuildConfiguration section */
		E37D64D0214069B700B184AA /* Debug */ = {
			isa = XCBuildConfiguration;
			buildSettings = {
				ALWAYS_SEARCH_USER_PATHS = NO;
				CLANG_ANALYZER_NONNULL = YES;
				CLANG_ANALYZER_NUMBER_OBJECT_CONVERSION = YES_AGGRESSIVE;
				CLANG_CXX_LANGUAGE_STANDARD = "gnu++14";
				CLANG_CXX_LIBRARY = "libc++";
				CLANG_ENABLE_MODULES = YES;
				CLANG_ENABLE_OBJC_ARC = YES;
				CLANG_ENABLE_OBJC_WEAK = YES;
				CLANG_WARN_BLOCK_CAPTURE_AUTORELEASING = YES;
				CLANG_WARN_BOOL_CONVERSION = YES;
				CLANG_WARN_COMMA = YES;
				CLANG_WARN_CONSTANT_CONVERSION = YES;
				CLANG_WARN_DEPRECATED_OBJC_IMPLEMENTATIONS = YES;
				CLANG_WARN_DIRECT_OBJC_ISA_USAGE = YES_ERROR;
				CLANG_WARN_DOCUMENTATION_COMMENTS = YES;
				CLANG_WARN_EMPTY_BODY = YES;
				CLANG_WARN_ENUM_CONVERSION = YES;
				CLANG_WARN_INFINITE_RECURSION = YES;
				CLANG_WARN_INT_CONVERSION = YES;
				CLANG_WARN_NON_LITERAL_NULL_CONVERSION = YES;
				CLANG_WARN_OBJC_IMPLICIT_RETAIN_SELF = YES;
				CLANG_WARN_OBJC_LITERAL_CONVERSION = YES;
				CLANG_WARN_OBJC_ROOT_CLASS = YES_ERROR;
				CLANG_WARN_RANGE_LOOP_ANALYSIS = YES;
				CLANG_WARN_STRICT_PROTOTYPES = YES;
				CLANG_WARN_SUSPICIOUS_MOVE = YES;
				CLANG_WARN_UNGUARDED_AVAILABILITY = YES_AGGRESSIVE;
				CLANG_WARN_UNREACHABLE_CODE = YES;
				CLANG_WARN__DUPLICATE_METHOD_MATCH = YES;
				CODE_SIGN_IDENTITY = "iPhone Developer";
				COPY_PHASE_STRIP = NO;
				CURRENT_PROJECT_VERSION = 1;
				DEBUG_INFORMATION_FORMAT = dwarf;
				ENABLE_STRICT_OBJC_MSGSEND = YES;
				ENABLE_TESTABILITY = YES;
				GCC_C_LANGUAGE_STANDARD = gnu11;
				GCC_DYNAMIC_NO_PIC = NO;
				GCC_NO_COMMON_BLOCKS = YES;
				GCC_OPTIMIZATION_LEVEL = 0;
				GCC_PREPROCESSOR_DEFINITIONS = (
					"DEBUG=1",
					"$(inherited)",
				);
				GCC_WARN_64_TO_32_BIT_CONVERSION = YES;
				GCC_WARN_ABOUT_RETURN_TYPE = YES_ERROR;
				GCC_WARN_UNDECLARED_SELECTOR = YES;
				GCC_WARN_UNINITIALIZED_AUTOS = YES_AGGRESSIVE;
				GCC_WARN_UNUSED_FUNCTION = YES;
				GCC_WARN_UNUSED_VARIABLE = YES;
				IPHONEOS_DEPLOYMENT_TARGET = 11.4;
				MTL_ENABLE_DEBUG_INFO = YES;
				ONLY_ACTIVE_ARCH = YES;
				SDKROOT = iphoneos;
				SWIFT_ACTIVE_COMPILATION_CONDITIONS = DEBUG;
				SWIFT_OPTIMIZATION_LEVEL = "-Onone";
				VERSIONING_SYSTEM = "apple-generic";
				VERSION_INFO_PREFIX = "";
			};
			name = Debug;
		};
		E37D64D1214069B700B184AA /* Release */ = {
			isa = XCBuildConfiguration;
			buildSettings = {
				ALWAYS_SEARCH_USER_PATHS = NO;
				CLANG_ANALYZER_NONNULL = YES;
				CLANG_ANALYZER_NUMBER_OBJECT_CONVERSION = YES_AGGRESSIVE;
				CLANG_CXX_LANGUAGE_STANDARD = "gnu++14";
				CLANG_CXX_LIBRARY = "libc++";
				CLANG_ENABLE_MODULES = YES;
				CLANG_ENABLE_OBJC_ARC = YES;
				CLANG_ENABLE_OBJC_WEAK = YES;
				CLANG_WARN_BLOCK_CAPTURE_AUTORELEASING = YES;
				CLANG_WARN_BOOL_CONVERSION = YES;
				CLANG_WARN_COMMA = YES;
				CLANG_WARN_CONSTANT_CONVERSION = YES;
				CLANG_WARN_DEPRECATED_OBJC_IMPLEMENTATIONS = YES;
				CLANG_WARN_DIRECT_OBJC_ISA_USAGE = YES_ERROR;
				CLANG_WARN_DOCUMENTATION_COMMENTS = YES;
				CLANG_WARN_EMPTY_BODY = YES;
				CLANG_WARN_ENUM_CONVERSION = YES;
				CLANG_WARN_INFINITE_RECURSION = YES;
				CLANG_WARN_INT_CONVERSION = YES;
				CLANG_WARN_NON_LITERAL_NULL_CONVERSION = YES;
				CLANG_WARN_OBJC_IMPLICIT_RETAIN_SELF = YES;
				CLANG_WARN_OBJC_LITERAL_CONVERSION = YES;
				CLANG_WARN_OBJC_ROOT_CLASS = YES_ERROR;
				CLANG_WARN_RANGE_LOOP_ANALYSIS = YES;
				CLANG_WARN_STRICT_PROTOTYPES = YES;
				CLANG_WARN_SUSPICIOUS_MOVE = YES;
				CLANG_WARN_UNGUARDED_AVAILABILITY = YES_AGGRESSIVE;
				CLANG_WARN_UNREACHABLE_CODE = YES;
				CLANG_WARN__DUPLICATE_METHOD_MATCH = YES;
				CODE_SIGN_IDENTITY = "iPhone Developer";
				COPY_PHASE_STRIP = NO;
				CURRENT_PROJECT_VERSION = 1;
				DEBUG_INFORMATION_FORMAT = "dwarf-with-dsym";
				ENABLE_NS_ASSERTIONS = NO;
				ENABLE_STRICT_OBJC_MSGSEND = YES;
				GCC_C_LANGUAGE_STANDARD = gnu11;
				GCC_NO_COMMON_BLOCKS = YES;
				GCC_WARN_64_TO_32_BIT_CONVERSION = YES;
				GCC_WARN_ABOUT_RETURN_TYPE = YES_ERROR;
				GCC_WARN_UNDECLARED_SELECTOR = YES;
				GCC_WARN_UNINITIALIZED_AUTOS = YES_AGGRESSIVE;
				GCC_WARN_UNUSED_FUNCTION = YES;
				GCC_WARN_UNUSED_VARIABLE = YES;
				IPHONEOS_DEPLOYMENT_TARGET = 11.4;
				MTL_ENABLE_DEBUG_INFO = NO;
				SDKROOT = iphoneos;
				SWIFT_COMPILATION_MODE = wholemodule;
				SWIFT_OPTIMIZATION_LEVEL = "-O";
				VALIDATE_PRODUCT = YES;
				VERSIONING_SYSTEM = "apple-generic";
				VERSION_INFO_PREFIX = "";
			};
			name = Release;
		};
		E37D64D3214069B700B184AA /* Debug */ = {
			isa = XCBuildConfiguration;
			buildSettings = {
				CLANG_ENABLE_MODULES = YES;
				CODE_SIGN_IDENTITY = "";
				CODE_SIGN_STYLE = Automatic;
				DEFINES_MODULE = YES;
				DEVELOPMENT_TEAM = BV4J4GZFL4;
				DYLIB_COMPATIBILITY_VERSION = 1;
				DYLIB_CURRENT_VERSION = 1;
				DYLIB_INSTALL_NAME_BASE = "@rpath";
				INFOPLIST_FILE = GridTimerView/Info.plist;
				INSTALL_PATH = "$(LOCAL_LIBRARY_DIR)/Frameworks";
				LD_RUNPATH_SEARCH_PATHS = (
					"$(inherited)",
					"@executable_path/Frameworks",
					"@loader_path/Frameworks",
				);
				PRODUCT_BUNDLE_IDENTIFIER = com.albertoaznar.GridTimerView;
				PRODUCT_NAME = "$(TARGET_NAME:c99extidentifier)";
				SKIP_INSTALL = YES;
				SWIFT_OPTIMIZATION_LEVEL = "-Onone";
				SWIFT_VERSION = 4.0;
				TARGETED_DEVICE_FAMILY = "1,2";
			};
			name = Debug;
		};
		E37D64D4214069B700B184AA /* Release */ = {
			isa = XCBuildConfiguration;
			buildSettings = {
				CLANG_ENABLE_MODULES = YES;
				CODE_SIGN_IDENTITY = "";
				CODE_SIGN_STYLE = Automatic;
				DEFINES_MODULE = YES;
				DEVELOPMENT_TEAM = BV4J4GZFL4;
				DYLIB_COMPATIBILITY_VERSION = 1;
				DYLIB_CURRENT_VERSION = 1;
				DYLIB_INSTALL_NAME_BASE = "@rpath";
				INFOPLIST_FILE = GridTimerView/Info.plist;
				INSTALL_PATH = "$(LOCAL_LIBRARY_DIR)/Frameworks";
				LD_RUNPATH_SEARCH_PATHS = (
					"$(inherited)",
					"@executable_path/Frameworks",
					"@loader_path/Frameworks",
				);
				PRODUCT_BUNDLE_IDENTIFIER = com.albertoaznar.GridTimerView;
				PRODUCT_NAME = "$(TARGET_NAME:c99extidentifier)";
				SKIP_INSTALL = YES;
				SWIFT_VERSION = 4.0;
				TARGETED_DEVICE_FAMILY = "1,2";
			};
			name = Release;
		};
/* End XCBuildConfiguration section */

/* Begin XCConfigurationList section */
		E37D64C4214069B700B184AA /* Build configuration list for PBXProject "GridTimerView" */ = {
			isa = XCConfigurationList;
			buildConfigurations = (
				E37D64D0214069B700B184AA /* Debug */,
				E37D64D1214069B700B184AA /* Release */,
			);
			defaultConfigurationIsVisible = 0;
			defaultConfigurationName = Release;
		};
		E37D64D2214069B700B184AA /* Build configuration list for PBXNativeTarget "GridTimerView" */ = {
			isa = XCConfigurationList;
			buildConfigurations = (
				E37D64D3214069B700B184AA /* Debug */,
				E37D64D4214069B700B184AA /* Release */,
			);
			defaultConfigurationIsVisible = 0;
			defaultConfigurationName = Release;
		};
/* End XCConfigurationList section */
	};
	rootObject = E37D64C1214069B700B184AA /* Project object */;
}
