// !$*UTF8*$!
{
	archiveVersion = 1;
	classes = {
	};
	objectVersion = 50;
	objects = {

/* Begin PBXBuildFile section */
		517696A12B1563D061DD95BB /* Pods_Example.framework in Frameworks */ = {isa = PBXBuildFile; fileRef = 1B9FEF9B98AD0CD5ABC2ECCB /* Pods_Example.framework */; };
		E37D655D214091D300B184AA /* LaunchScreen.storyboard in Resources */ = {isa = PBXBuildFile; fileRef = E37D655B214091D300B184AA /* LaunchScreen.storyboard */; };
		E37D65772140927300B184AA /* Item.swift in Sources */ = {isa = PBXBuildFile; fileRef = E37D65652140927200B184AA /* Item.swift */; };
		E37D65782140927300B184AA /* SectionsFactory.swift in Sources */ = {isa = PBXBuildFile; fileRef = E37D65662140927200B184AA /* SectionsFactory.swift */; };
		E37D65792140927300B184AA /* Section.swift in Sources */ = {isa = PBXBuildFile; fileRef = E37D65672140927200B184AA /* Section.swift */; };
		E37D657A2140927300B184AA /* AppDelegate.swift in Sources */ = {isa = PBXBuildFile; fileRef = E37D65682140927200B184AA /* AppDelegate.swift */; };
		E37D657B2140927300B184AA /* SectionCollectionViewCell.xib in Resources */ = {isa = PBXBuildFile; fileRef = E37D656A2140927200B184AA /* SectionCollectionViewCell.xib */; };
		E37D657C2140927300B184AA /* SectionCollectionViewCellItem.swift in Sources */ = {isa = PBXBuildFile; fileRef = E37D656B2140927200B184AA /* SectionCollectionViewCellItem.swift */; };
		E37D657D2140927300B184AA /* SectionCollectionViewCell.swift in Sources */ = {isa = PBXBuildFile; fileRef = E37D656C2140927200B184AA /* SectionCollectionViewCell.swift */; };
		E37D657E2140927300B184AA /* Colors.swift in Sources */ = {isa = PBXBuildFile; fileRef = E37D656F2140927200B184AA /* Colors.swift */; };
		E37D657F2140927300B184AA /* UIColor+Tools.swift in Sources */ = {isa = PBXBuildFile; fileRef = E37D65712140927200B184AA /* UIColor+Tools.swift */; };
		E37D65802140927300B184AA /* Array+Tools.swift in Sources */ = {isa = PBXBuildFile; fileRef = E37D65722140927200B184AA /* Array+Tools.swift */; };
		E37D65812140927300B184AA /* Images.xcassets in Resources */ = {isa = PBXBuildFile; fileRef = E37D65732140927300B184AA /* Images.xcassets */; };
		E37D65822140927300B184AA /* MainViewController.xib in Resources */ = {isa = PBXBuildFile; fileRef = E37D65752140927300B184AA /* MainViewController.xib */; };
		E37D65832140927300B184AA /* MainViewController.swift in Sources */ = {isa = PBXBuildFile; fileRef = E37D65762140927300B184AA /* MainViewController.swift */; };
/* End PBXBuildFile section */

/* Begin PBXFileReference section */
		1B9FEF9B98AD0CD5ABC2ECCB /* Pods_Example.framework */ = {isa = PBXFileReference; explicitFileType = wrapper.framework; includeInIndex = 0; path = Pods_Example.framework; sourceTree = BUILT_PRODUCTS_DIR; };
		633D01A3D3458F2279E5570D /* Pods-Example.debug.xcconfig */ = {isa = PBXFileReference; includeInIndex = 1; lastKnownFileType = text.xcconfig; name = "Pods-Example.debug.xcconfig"; path = "Pods/Target Support Files/Pods-Example/Pods-Example.debug.xcconfig"; sourceTree = "<group>"; };
		C31502B29B67DEE9331C96D7 /* Pods-Example.release.xcconfig */ = {isa = PBXFileReference; includeInIndex = 1; lastKnownFileType = text.xcconfig; name = "Pods-Example.release.xcconfig"; path = "Pods/Target Support Files/Pods-Example/Pods-Example.release.xcconfig"; sourceTree = "<group>"; };
		E37D654F214091D200B184AA /* Example.app */ = {isa = PBXFileReference; explicitFileType = wrapper.application; includeInIndex = 0; path = Example.app; sourceTree = BUILT_PRODUCTS_DIR; };
		E37D655C214091D300B184AA /* Base */ = {isa = PBXFileReference; lastKnownFileType = file.storyboard; name = Base; path = Base.lproj/LaunchScreen.storyboard; sourceTree = "<group>"; };
		E37D655E214091D300B184AA /* Info.plist */ = {isa = PBXFileReference; lastKnownFileType = text.plist.xml; path = Info.plist; sourceTree = "<group>"; };
		E37D65652140927200B184AA /* Item.swift */ = {isa = PBXFileReference; fileEncoding = 4; lastKnownFileType = sourcecode.swift; path = Item.swift; sourceTree = "<group>"; };
		E37D65662140927200B184AA /* SectionsFactory.swift */ = {isa = PBXFileReference; fileEncoding = 4; lastKnownFileType = sourcecode.swift; path = SectionsFactory.swift; sourceTree = "<group>"; };
		E37D65672140927200B184AA /* Section.swift */ = {isa = PBXFileReference; fileEncoding = 4; lastKnownFileType = sourcecode.swift; path = Section.swift; sourceTree = "<group>"; };
		E37D65682140927200B184AA /* AppDelegate.swift */ = {isa = PBXFileReference; fileEncoding = 4; lastKnownFileType = sourcecode.swift; path = AppDelegate.swift; sourceTree = "<group>"; };
		E37D656A2140927200B184AA /* SectionCollectionViewCell.xib */ = {isa = PBXFileReference; fileEncoding = 4; lastKnownFileType = file.xib; path = SectionCollectionViewCell.xib; sourceTree = "<group>"; };
		E37D656B2140927200B184AA /* SectionCollectionViewCellItem.swift */ = {isa = PBXFileReference; fileEncoding = 4; lastKnownFileType = sourcecode.swift; path = SectionCollectionViewCellItem.swift; sourceTree = "<group>"; };
		E37D656C2140927200B184AA /* SectionCollectionViewCell.swift */ = {isa = PBXFileReference; fileEncoding = 4; lastKnownFileType = sourcecode.swift; path = SectionCollectionViewCell.swift; sourceTree = "<group>"; };
		E37D656F2140927200B184AA /* Colors.swift */ = {isa = PBXFileReference; fileEncoding = 4; lastKnownFileType = sourcecode.swift; path = Colors.swift; sourceTree = "<group>"; };
		E37D65712140927200B184AA /* UIColor+Tools.swift */ = {isa = PBXFileReference; fileEncoding = 4; lastKnownFileType = sourcecode.swift; path = "UIColor+Tools.swift"; sourceTree = "<group>"; };
		E37D65722140927200B184AA /* Array+Tools.swift */ = {isa = PBXFileReference; fileEncoding = 4; lastKnownFileType = sourcecode.swift; path = "Array+Tools.swift"; sourceTree = "<group>"; };
		E37D65732140927300B184AA /* Images.xcassets */ = {isa = PBXFileReference; lastKnownFileType = folder.assetcatalog; path = Images.xcassets; sourceTree = "<group>"; };
		E37D65752140927300B184AA /* MainViewController.xib */ = {isa = PBXFileReference; fileEncoding = 4; lastKnownFileType = file.xib; path = MainViewController.xib; sourceTree = "<group>"; };
		E37D65762140927300B184AA /* MainViewController.swift */ = {isa = PBXFileReference; fileEncoding = 4; lastKnownFileType = sourcecode.swift; path = MainViewController.swift; sourceTree = "<group>"; };
/* End PBXFileReference section */

/* Begin PBXFrameworksBuildPhase section */
		E37D654C214091D200B184AA /* Frameworks */ = {
			isa = PBXFrameworksBuildPhase;
			buildActionMask = 2147483647;
			files = (
				517696A12B1563D061DD95BB /* Pods_Example.framework in Frameworks */,
			);
			runOnlyForDeploymentPostprocessing = 0;
		};
/* End PBXFrameworksBuildPhase section */

/* Begin PBXGroup section */
		610DED98CDB2E9854462951D /* Pods */ = {
			isa = PBXGroup;
			children = (
				633D01A3D3458F2279E5570D /* Pods-Example.debug.xcconfig */,
				C31502B29B67DEE9331C96D7 /* Pods-Example.release.xcconfig */,
			);
			name = Pods;
			sourceTree = "<group>";
		};
		6C12D114E2E76E8D081270D1 /* Frameworks */ = {
			isa = PBXGroup;
			children = (
				1B9FEF9B98AD0CD5ABC2ECCB /* Pods_Example.framework */,
			);
			name = Frameworks;
			sourceTree = "<group>";
		};
		E37D6546214091D200B184AA = {
			isa = PBXGroup;
			children = (
				E37D6551214091D200B184AA /* Example */,
				E37D6550214091D200B184AA /* Products */,
				610DED98CDB2E9854462951D /* Pods */,
				6C12D114E2E76E8D081270D1 /* Frameworks */,
			);
			sourceTree = "<group>";
		};
		E37D6550214091D200B184AA /* Products */ = {
			isa = PBXGroup;
			children = (
				E37D654F214091D200B184AA /* Example.app */,
			);
			name = Products;
			sourceTree = "<group>";
		};
		E37D6551214091D200B184AA /* Example */ = {
			isa = PBXGroup;
			children = (
				E37D65682140927200B184AA /* AppDelegate.swift */,
				E37D65692140927200B184AA /* Cells */,
				E37D65742140927300B184AA /* Controllers */,
				E37D65732140927300B184AA /* Images.xcassets */,
				E37D65642140927200B184AA /* Models */,
				E37D656D2140927200B184AA /* Utils */,
				E37D655B214091D300B184AA /* LaunchScreen.storyboard */,
				E37D655E214091D300B184AA /* Info.plist */,
			);
			path = Example;
			sourceTree = "<group>";
		};
		E37D65642140927200B184AA /* Models */ = {
			isa = PBXGroup;
			children = (
				E37D65652140927200B184AA /* Item.swift */,
				E37D65662140927200B184AA /* SectionsFactory.swift */,
				E37D65672140927200B184AA /* Section.swift */,
			);
			path = Models;
			sourceTree = "<group>";
		};
		E37D65692140927200B184AA /* Cells */ = {
			isa = PBXGroup;
			children = (
				E37D656A2140927200B184AA /* SectionCollectionViewCell.xib */,
				E37D656B2140927200B184AA /* SectionCollectionViewCellItem.swift */,
				E37D656C2140927200B184AA /* SectionCollectionViewCell.swift */,
			);
			path = Cells;
			sourceTree = "<group>";
		};
		E37D656D2140927200B184AA /* Utils */ = {
			isa = PBXGroup;
			children = (
				E37D656E2140927200B184AA /* Constants */,
				E37D65702140927200B184AA /* Extensions */,
			);
			path = Utils;
			sourceTree = "<group>";
		};
		E37D656E2140927200B184AA /* Constants */ = {
			isa = PBXGroup;
			children = (
				E37D656F2140927200B184AA /* Colors.swift */,
			);
			path = Constants;
			sourceTree = "<group>";
		};
		E37D65702140927200B184AA /* Extensions */ = {
			isa = PBXGroup;
			children = (
				E37D65712140927200B184AA /* UIColor+Tools.swift */,
				E37D65722140927200B184AA /* Array+Tools.swift */,
			);
			path = Extensions;
			sourceTree = "<group>";
		};
		E37D65742140927300B184AA /* Controllers */ = {
			isa = PBXGroup;
			children = (
				E37D65752140927300B184AA /* MainViewController.xib */,
				E37D65762140927300B184AA /* MainViewController.swift */,
			);
			path = Controllers;
			sourceTree = "<group>";
		};
/* End PBXGroup section */

/* Begin PBXNativeTarget section */
		E37D654E214091D200B184AA /* Example */ = {
			isa = PBXNativeTarget;
			buildConfigurationList = E37D6561214091D300B184AA /* Build configuration list for PBXNativeTarget "Example" */;
			buildPhases = (
				FE83EA77F69992DB4556781F /* [CP] Check Pods Manifest.lock */,
				E37D654B214091D200B184AA /* Sources */,
				E37D654C214091D200B184AA /* Frameworks */,
				E37D654D214091D200B184AA /* Resources */,
			);
			buildRules = (
			);
			dependencies = (
			);
			name = Example;
			productName = Example;
			productReference = E37D654F214091D200B184AA /* Example.app */;
			productType = "com.apple.product-type.application";
		};
/* End PBXNativeTarget section */

/* Begin PBXProject section */
		E37D6547214091D200B184AA /* Project object */ = {
			isa = PBXProject;
			attributes = {
				LastSwiftUpdateCheck = 0940;
				LastUpgradeCheck = 0940;
				ORGANIZATIONNAME = "Alberto Aznar de los Ríos";
				TargetAttributes = {
					E37D654E214091D200B184AA = {
						CreatedOnToolsVersion = 9.4.1;
						LastSwiftMigration = 0940;
					};
				};
			};
			buildConfigurationList = E37D654A214091D200B184AA /* Build configuration list for PBXProject "Example" */;
			compatibilityVersion = "Xcode 9.3";
			developmentRegion = en;
			hasScannedForEncodings = 0;
			knownRegions = (
				en,
				Base,
			);
			mainGroup = E37D6546214091D200B184AA;
			productRefGroup = E37D6550214091D200B184AA /* Products */;
			projectDirPath = "";
			projectRoot = "";
			targets = (
				E37D654E214091D200B184AA /* Example */,
			);
		};
/* End PBXProject section */

/* Begin PBXResourcesBuildPhase section */
		E37D654D214091D200B184AA /* Resources */ = {
			isa = PBXResourcesBuildPhase;
			buildActionMask = 2147483647;
			files = (
				E37D65812140927300B184AA /* Images.xcassets in Resources */,
				E37D657B2140927300B184AA /* SectionCollectionViewCell.xib in Resources */,
				E37D655D214091D300B184AA /* LaunchScreen.storyboard in Resources */,
				E37D65822140927300B184AA /* MainViewController.xib in Resources */,
			);
			runOnlyForDeploymentPostprocessing = 0;
		};
/* End PBXResourcesBuildPhase section */

/* Begin PBXShellScriptBuildPhase section */
		FE83EA77F69992DB4556781F /* [CP] Check Pods Manifest.lock */ = {
			isa = PBXShellScriptBuildPhase;
			buildActionMask = 2147483647;
			files = (
			);
			inputPaths = (
				"${PODS_PODFILE_DIR_PATH}/Podfile.lock",
				"${PODS_ROOT}/Manifest.lock",
			);
			name = "[CP] Check Pods Manifest.lock";
			outputPaths = (
				"$(DERIVED_FILE_DIR)/Pods-Example-checkManifestLockResult.txt",
			);
			runOnlyForDeploymentPostprocessing = 0;
			shellPath = /bin/sh;
			shellScript = "diff \"${PODS_PODFILE_DIR_PATH}/Podfile.lock\" \"${PODS_ROOT}/Manifest.lock\" > /dev/null\nif [ $? != 0 ] ; then\n    # print error to STDERR\n    echo \"error: The sandbox is not in sync with the Podfile.lock. Run 'pod install' or update your CocoaPods installation.\" >&2\n    exit 1\nfi\n# This output is used by Xcode 'outputs' to avoid re-running this script phase.\necho \"SUCCESS\" > \"${SCRIPT_OUTPUT_FILE_0}\"\n";
			showEnvVarsInLog = 0;
		};
/* End PBXShellScriptBuildPhase section */

/* Begin PBXSourcesBuildPhase section */
		E37D654B214091D200B184AA /* Sources */ = {
			isa = PBXSourcesBuildPhase;
			buildActionMask = 2147483647;
			files = (
				E37D657A2140927300B184AA /* AppDelegate.swift in Sources */,
				E37D657C2140927300B184AA /* SectionCollectionViewCellItem.swift in Sources */,
				E37D65792140927300B184AA /* Section.swift in Sources */,
				E37D657E2140927300B184AA /* Colors.swift in Sources */,
				E37D65782140927300B184AA /* SectionsFactory.swift in Sources */,
				E37D65802140927300B184AA /* Array+Tools.swift in Sources */,
				E37D657D2140927300B184AA /* SectionCollectionViewCell.swift in Sources */,
				E37D65772140927300B184AA /* Item.swift in Sources */,
				E37D657F2140927300B184AA /* UIColor+Tools.swift in Sources */,
				E37D65832140927300B184AA /* MainViewController.swift in Sources */,
			);
			runOnlyForDeploymentPostprocessing = 0;
		};
/* End PBXSourcesBuildPhase section */

/* Begin PBXVariantGroup section */
		E37D655B214091D300B184AA /* LaunchScreen.storyboard */ = {
			isa = PBXVariantGroup;
			children = (
				E37D655C214091D300B184AA /* Base */,
			);
			name = LaunchScreen.storyboard;
			sourceTree = "<group>";
		};
/* End PBXVariantGroup section */

/* Begin XCBuildConfiguration section */
		E37D655F214091D300B184AA /* Debug */ = {
			isa = XCBuildConfiguration;
			buildSettings = {
				ALWAYS_SEARCH_USER_PATHS = NO;
				CLANG_ANALYZER_NONNULL = YES;
				CLANG_ANALYZER_NUMBER_OBJECT_CONVERSION = YES_AGGRESSIVE;
				CLANG_CXX_LANGUAGE_STANDARD = "gnu++14";
				CLANG_CXX_LIBRARY = "libc++";
				CLANG_ENABLE_MODULES = YES;
				CLANG_ENABLE_OBJC_ARC = YES;
				CLANG_ENABLE_OBJC_WEAK = YES;
				CLANG_WARN_BLOCK_CAPTURE_AUTORELEASING = YES;
				CLANG_WARN_BOOL_CONVERSION = YES;
				CLANG_WARN_COMMA = YES;
				CLANG_WARN_CONSTANT_CONVERSION = YES;
				CLANG_WARN_DEPRECATED_OBJC_IMPLEMENTATIONS = YES;
				CLANG_WARN_DIRECT_OBJC_ISA_USAGE = YES_ERROR;
				CLANG_WARN_DOCUMENTATION_COMMENTS = YES;
				CLANG_WARN_EMPTY_BODY = YES;
				CLANG_WARN_ENUM_CONVERSION = YES;
				CLANG_WARN_INFINITE_RECURSION = YES;
				CLANG_WARN_INT_CONVERSION = YES;
				CLANG_WARN_NON_LITERAL_NULL_CONVERSION = YES;
				CLANG_WARN_OBJC_IMPLICIT_RETAIN_SELF = YES;
				CLANG_WARN_OBJC_LITERAL_CONVERSION = YES;
				CLANG_WARN_OBJC_ROOT_CLASS = YES_ERROR;
				CLANG_WARN_RANGE_LOOP_ANALYSIS = YES;
				CLANG_WARN_STRICT_PROTOTYPES = YES;
				CLANG_WARN_SUSPICIOUS_MOVE = YES;
				CLANG_WARN_UNGUARDED_AVAILABILITY = YES_AGGRESSIVE;
				CLANG_WARN_UNREACHABLE_CODE = YES;
				CLANG_WARN__DUPLICATE_METHOD_MATCH = YES;
				CODE_SIGN_IDENTITY = "iPhone Developer";
				COPY_PHASE_STRIP = NO;
				DEBUG_INFORMATION_FORMAT = dwarf;
				ENABLE_STRICT_OBJC_MSGSEND = YES;
				ENABLE_TESTABILITY = YES;
				GCC_C_LANGUAGE_STANDARD = gnu11;
				GCC_DYNAMIC_NO_PIC = NO;
				GCC_NO_COMMON_BLOCKS = YES;
				GCC_OPTIMIZATION_LEVEL = 0;
				GCC_PREPROCESSOR_DEFINITIONS = (
					"DEBUG=1",
					"$(inherited)",
				);
				GCC_WARN_64_TO_32_BIT_CONVERSION = YES;
				GCC_WARN_ABOUT_RETURN_TYPE = YES_ERROR;
				GCC_WARN_UNDECLARED_SELECTOR = YES;
				GCC_WARN_UNINITIALIZED_AUTOS = YES_AGGRESSIVE;
				GCC_WARN_UNUSED_FUNCTION = YES;
				GCC_WARN_UNUSED_VARIABLE = YES;
				IPHONEOS_DEPLOYMENT_TARGET = 11.4;
				MTL_ENABLE_DEBUG_INFO = YES;
				ONLY_ACTIVE_ARCH = YES;
				SDKROOT = iphoneos;
				SWIFT_ACTIVE_COMPILATION_CONDITIONS = DEBUG;
				SWIFT_OPTIMIZATION_LEVEL = "-Onone";
			};
			name = Debug;
		};
		E37D6560214091D300B184AA /* Release */ = {
			isa = XCBuildConfiguration;
			buildSettings = {
				ALWAYS_SEARCH_USER_PATHS = NO;
				CLANG_ANALYZER_NONNULL = YES;
				CLANG_ANALYZER_NUMBER_OBJECT_CONVERSION = YES_AGGRESSIVE;
				CLANG_CXX_LANGUAGE_STANDARD = "gnu++14";
				CLANG_CXX_LIBRARY = "libc++";
				CLANG_ENABLE_MODULES = YES;
				CLANG_ENABLE_OBJC_ARC = YES;
				CLANG_ENABLE_OBJC_WEAK = YES;
				CLANG_WARN_BLOCK_CAPTURE_AUTORELEASING = YES;
				CLANG_WARN_BOOL_CONVERSION = YES;
				CLANG_WARN_COMMA = YES;
				CLANG_WARN_CONSTANT_CONVERSION = YES;
				CLANG_WARN_DEPRECATED_OBJC_IMPLEMENTATIONS = YES;
				CLANG_WARN_DIRECT_OBJC_ISA_USAGE = YES_ERROR;
				CLANG_WARN_DOCUMENTATION_COMMENTS = YES;
				CLANG_WARN_EMPTY_BODY = YES;
				CLANG_WARN_ENUM_CONVERSION = YES;
				CLANG_WARN_INFINITE_RECURSION = YES;
				CLANG_WARN_INT_CONVERSION = YES;
				CLANG_WARN_NON_LITERAL_NULL_CONVERSION = YES;
				CLANG_WARN_OBJC_IMPLICIT_RETAIN_SELF = YES;
				CLANG_WARN_OBJC_LITERAL_CONVERSION = YES;
				CLANG_WARN_OBJC_ROOT_CLASS = YES_ERROR;
				CLANG_WARN_RANGE_LOOP_ANALYSIS = YES;
				CLANG_WARN_STRICT_PROTOTYPES = YES;
				CLANG_WARN_SUSPICIOUS_MOVE = YES;
				CLANG_WARN_UNGUARDED_AVAILABILITY = YES_AGGRESSIVE;
				CLANG_WARN_UNREACHABLE_CODE = YES;
				CLANG_WARN__DUPLICATE_METHOD_MATCH = YES;
				CODE_SIGN_IDENTITY = "iPhone Developer";
				COPY_PHASE_STRIP = NO;
				DEBUG_INFORMATION_FORMAT = "dwarf-with-dsym";
				ENABLE_NS_ASSERTIONS = NO;
				ENABLE_STRICT_OBJC_MSGSEND = YES;
				GCC_C_LANGUAGE_STANDARD = gnu11;
				GCC_NO_COMMON_BLOCKS = YES;
				GCC_WARN_64_TO_32_BIT_CONVERSION = YES;
				GCC_WARN_ABOUT_RETURN_TYPE = YES_ERROR;
				GCC_WARN_UNDECLARED_SELECTOR = YES;
				GCC_WARN_UNINITIALIZED_AUTOS = YES_AGGRESSIVE;
				GCC_WARN_UNUSED_FUNCTION = YES;
				GCC_WARN_UNUSED_VARIABLE = YES;
				IPHONEOS_DEPLOYMENT_TARGET = 11.4;
				MTL_ENABLE_DEBUG_INFO = NO;
				SDKROOT = iphoneos;
				SWIFT_COMPILATION_MODE = wholemodule;
				SWIFT_OPTIMIZATION_LEVEL = "-O";
				VALIDATE_PRODUCT = YES;
			};
			name = Release;
		};
		E37D6562214091D300B184AA /* Debug */ = {
			isa = XCBuildConfiguration;
			baseConfigurationReference = 633D01A3D3458F2279E5570D /* Pods-Example.debug.xcconfig */;
			buildSettings = {
				ASSETCATALOG_COMPILER_APPICON_NAME = AppIcon;
				CLANG_ENABLE_MODULES = YES;
				CODE_SIGN_STYLE = Automatic;
				DEVELOPMENT_TEAM = BV4J4GZFL4;
				INFOPLIST_FILE = Example/Info.plist;
				LD_RUNPATH_SEARCH_PATHS = (
					"$(inherited)",
					"@executable_path/Frameworks",
				);
				PRODUCT_BUNDLE_IDENTIFIER = com.albertoaznar.Example;
				PRODUCT_NAME = "$(TARGET_NAME)";
				SWIFT_OPTIMIZATION_LEVEL = "-Onone";
				SWIFT_VERSION = 4.0;
				TARGETED_DEVICE_FAMILY = "1,2";
			};
			name = Debug;
		};
		E37D6563214091D300B184AA /* Release */ = {
			isa = XCBuildConfiguration;
			baseConfigurationReference = C31502B29B67DEE9331C96D7 /* Pods-Example.release.xcconfig */;
			buildSettings = {
				ASSETCATALOG_COMPILER_APPICON_NAME = AppIcon;
				CLANG_ENABLE_MODULES = YES;
				CODE_SIGN_STYLE = Automatic;
				DEVELOPMENT_TEAM = BV4J4GZFL4;
				INFOPLIST_FILE = Example/Info.plist;
				LD_RUNPATH_SEARCH_PATHS = (
					"$(inherited)",
					"@executable_path/Frameworks",
				);
				PRODUCT_BUNDLE_IDENTIFIER = com.albertoaznar.Example;
				PRODUCT_NAME = "$(TARGET_NAME)";
				SWIFT_VERSION = 4.0;
				TARGETED_DEVICE_FAMILY = "1,2";
			};
			name = Release;
		};
/* End XCBuildConfiguration section */

/* Begin XCConfigurationList section */
		E37D654A214091D200B184AA /* Build configuration list for PBXProject "Example" */ = {
			isa = XCConfigurationList;
			buildConfigurations = (
				E37D655F214091D300B184AA /* Debug */,
				E37D6560214091D300B184AA /* Release */,
			);
			defaultConfigurationIsVisible = 0;
			defaultConfigurationName = Release;
		};
		E37D6561214091D300B184AA /* Build configuration list for PBXNativeTarget "Example" */ = {
			isa = XCConfigurationList;
			buildConfigurations = (
				E37D6562214091D300B184AA /* Debug */,
				E37D6563214091D300B184AA /* Release */,
			);
			defaultConfigurationIsVisible = 0;
			defaultConfigurationName = Release;
		};
/* End XCConfigurationList section */
	};
	rootObject = E37D6547214091D200B184AA /* Project object */;
}
